
Microsoft Visual Studio Solution File, Format Version 12.00
# Visual Studio Version 16
VisualStudioVersion = 16.0.30523.141
MinimumVisualStudioVersion = 10.0.40219.1
Project("{9A19103F-16F7-4668-BE54-9A1E7A4F7556}") = "TrabajosGraduacion", "TrabajosGraduacion\TrabajosGraduacion.csproj", "{D5932CAC-5839-4FF6-8B98-E7DCDC1063AA}"
EndProject
Global
	GlobalSection(SolutionConfigurationPlatforms) = preSolution
		Debug|Any CPU = Debug|Any CPU
		Release|Any CPU = Release|Any CPU
	EndGlobalSection
	GlobalSection(ProjectConfigurationPlatforms) = postSolution
		{D5932CAC-5839-4FF6-8B98-E7DCDC1063AA}.Debug|Any CPU.ActiveCfg = Debug|Any CPU
		{D5932CAC-5839-4FF6-8B98-E7DCDC1063AA}.Debug|Any CPU.Build.0 = Debug|Any CPU
		{D5932CAC-5839-4FF6-8B98-E7DCDC1063AA}.Release|Any CPU.ActiveCfg = Release|Any CPU
		{D5932CAC-5839-4FF6-8B98-E7DCDC1063AA}.Release|Any CPU.Build.0 = Release|Any CPU
	EndGlobalSection
	GlobalSection(SolutionProperties) = preSolution
		HideSolutionNode = FALSE
	EndGlobalSection
	GlobalSection(ExtensibilityGlobals) = postSolution
		SolutionGuid = {FC2160AD-B7FB-4366-BC90-328F932F7495}
	EndGlobalSection
EndGlobal
